
Microsoft Visual Studio Solution File, Format Version 12.00
# Visual Studio 14
VisualStudioVersion = 14.0.25123.0
MinimumVisualStudioVersion = 10.0.40219.1
Project("{FAE04EC0-301F-11D3-BF4B-00C04F79EFBC}") = "clean-tests-kata-tests", "clean-tests-kata\clean-tests-kata-tests.csproj", "{8994682A-86F1-46B1-97B0-DFC66DC3E444}"
EndProject
Project("{FAE04EC0-301F-11D3-BF4B-00C04F79EFBC}") = "clean-tests-kata-domain", "clean-tests-kata-domain\clean-tests-kata-domain.csproj", "{FD88A2B7-E402-4591-A3A7-0745D17181B9}"
EndProject
Global
	GlobalSection(SolutionConfigurationPlatforms) = preSolution
		Debug|Any CPU = Debug|Any CPU
		Release|Any CPU = Release|Any CPU
	EndGlobalSection
	GlobalSection(ProjectConfigurationPlatforms) = postSolution
		{8994682A-86F1-46B1-97B0-DFC66DC3E444}.Debug|Any CPU.ActiveCfg = Debug|Any CPU
		{8994682A-86F1-46B1-97B0-DFC66DC3E444}.Debug|Any CPU.Build.0 = Debug|Any CPU
		{8994682A-86F1-46B1-97B0-DFC66DC3E444}.Release|Any CPU.ActiveCfg = Release|Any CPU
		{8994682A-86F1-46B1-97B0-DFC66DC3E444}.Release|Any CPU.Build.0 = Release|Any CPU
		{FD88A2B7-E402-4591-A3A7-0745D17181B9}.Debug|Any CPU.ActiveCfg = Debug|Any CPU
		{FD88A2B7-E402-4591-A3A7-0745D17181B9}.Debug|Any CPU.Build.0 = Debug|Any CPU
		{FD88A2B7-E402-4591-A3A7-0745D17181B9}.Release|Any CPU.ActiveCfg = Release|Any CPU
		{FD88A2B7-E402-4591-A3A7-0745D17181B9}.Release|Any CPU.Build.0 = Release|Any CPU
	EndGlobalSection
	GlobalSection(SolutionProperties) = preSolution
		HideSolutionNode = FALSE
	EndGlobalSection
EndGlobal
